{
  "name": "oxford-hack-2020",
  "lockfileVersion": 2,
  "requires": true,
  "packages": {
    "": {
      "dependencies": {
        "nouislider": "^14.6.2"
      }
    },
    "node_modules/nouislider": {
      "version": "14.6.2",
      "resolved": "https://registry.npmjs.org/nouislider/-/nouislider-14.6.2.tgz",
      "integrity": "sha512-/lJeqJBghNAZS3P2VYrHzm1RM6YJPvvC/1wNpGaHBRX+05wpzUDafrW/ohAYp4kjKhRH8+BJ0vkorCHiMmgTMQ=="
    }
  },
  "dependencies": {
    "nouislider": {
      "version": "14.6.2",
      "resolved": "https://registry.npmjs.org/nouislider/-/nouislider-14.6.2.tgz",
      "integrity": "sha512-/lJeqJBghNAZS3P2VYrHzm1RM6YJPvvC/1wNpGaHBRX+05wpzUDafrW/ohAYp4kjKhRH8+BJ0vkorCHiMmgTMQ=="
    }
  }
}
